
Microsoft Visual Studio Solution File, Format Version 12.00
# Visual Studio Version 16
VisualStudioVersion = 16.0.29613.14
MinimumVisualStudioVersion = 10.0.40219.1
Project("{FAE04EC0-301F-11D3-BF4B-00C04F79EFBC}") = "BestBank", "BestBank\BestBank.csproj", "{75F780A8-2C1A-4594-909F-B85B87385171}"
EndProject
Global
	GlobalSection(SolutionConfigurationPlatforms) = preSolution
		Debug|Any CPU = Debug|Any CPU
		Release|Any CPU = Release|Any CPU
	EndGlobalSection
	GlobalSection(ProjectConfigurationPlatforms) = postSolution
		{75F780A8-2C1A-4594-909F-B85B87385171}.Debug|Any CPU.ActiveCfg = Debug|Any CPU
		{75F780A8-2C1A-4594-909F-B85B87385171}.Debug|Any CPU.Build.0 = Debug|Any CPU
		{75F780A8-2C1A-4594-909F-B85B87385171}.Release|Any CPU.ActiveCfg = Release|Any CPU
		{75F780A8-2C1A-4594-909F-B85B87385171}.Release|Any CPU.Build.0 = Release|Any CPU
	EndGlobalSection
	GlobalSection(SolutionProperties) = preSolution
		HideSolutionNode = FALSE
	EndGlobalSection
	GlobalSection(ExtensibilityGlobals) = postSolution
		SolutionGuid = {157FB07F-1C85-4B36-A061-9F352603A8C9}
	EndGlobalSection
EndGlobal
